// !$*UTF8*$!
{
	archiveVersion = 1;
	classes = {
	};
	objectVersion = 55;
	objects = {

/* Begin PBXBuildFile section */
		A3D9CCF02843917C005275AE /* BeyondU_HalogenApp.swift in Sources */ = {isa = PBXBuildFile; fileRef = A3D9CCEF2843917C005275AE /* BeyondU_HalogenApp.swift */; };
		A3D9CCF42843917D005275AE /* Assets.xcassets in Resources */ = {isa = PBXBuildFile; fileRef = A3D9CCF32843917D005275AE /* Assets.xcassets */; };
		A3D9CCF72843917D005275AE /* Preview Assets.xcassets in Resources */ = {isa = PBXBuildFile; fileRef = A3D9CCF62843917D005275AE /* Preview Assets.xcassets */; };
		A3D9CD012843917D005275AE /* BeyondU_HalogenTests.swift in Sources */ = {isa = PBXBuildFile; fileRef = A3D9CD002843917D005275AE /* BeyondU_HalogenTests.swift */; };
		A3D9CD0B2843917D005275AE /* BeyondU_HalogenUITests.swift in Sources */ = {isa = PBXBuildFile; fileRef = A3D9CD0A2843917D005275AE /* BeyondU_HalogenUITests.swift */; };
		A3D9CD0D2843917D005275AE /* BeyondU_HalogenUITestsLaunchTests.swift in Sources */ = {isa = PBXBuildFile; fileRef = A3D9CD0C2843917D005275AE /* BeyondU_HalogenUITestsLaunchTests.swift */; };
		A3D9CD1C2843AD7D005275AE /* MainPage.swift in Sources */ = {isa = PBXBuildFile; fileRef = A3D9CD1B2843AD7D005275AE /* MainPage.swift */; };
		A3D9CD1E2843AD90005275AE /* WordsListPage.swift in Sources */ = {isa = PBXBuildFile; fileRef = A3D9CD1D2843AD90005275AE /* WordsListPage.swift */; };
/* End PBXBuildFile section */

/* Begin PBXContainerItemProxy section */
		A3D9CCFD2843917D005275AE /* PBXContainerItemProxy */ = {
			isa = PBXContainerItemProxy;
			containerPortal = A3D9CCE42843917C005275AE /* Project object */;
			proxyType = 1;
			remoteGlobalIDString = A3D9CCEB2843917C005275AE;
			remoteInfo = "BeyondU-Halogen";
		};
		A3D9CD072843917D005275AE /* PBXContainerItemProxy */ = {
			isa = PBXContainerItemProxy;
			containerPortal = A3D9CCE42843917C005275AE /* Project object */;
			proxyType = 1;
			remoteGlobalIDString = A3D9CCEB2843917C005275AE;
			remoteInfo = "BeyondU-Halogen";
		};
/* End PBXContainerItemProxy section */

/* Begin PBXFileReference section */
		A3D9CCEC2843917C005275AE /* BeyondUI-Halogen.app */ = {isa = PBXFileReference; explicitFileType = wrapper.application; includeInIndex = 0; path = "BeyondUI-Halogen.app"; sourceTree = BUILT_PRODUCTS_DIR; };
		A3D9CCEF2843917C005275AE /* BeyondU_HalogenApp.swift */ = {isa = PBXFileReference; lastKnownFileType = sourcecode.swift; path = BeyondU_HalogenApp.swift; sourceTree = "<group>"; };
		A3D9CCF32843917D005275AE /* Assets.xcassets */ = {isa = PBXFileReference; lastKnownFileType = folder.assetcatalog; path = Assets.xcassets; sourceTree = "<group>"; };
		A3D9CCF62843917D005275AE /* Preview Assets.xcassets */ = {isa = PBXFileReference; lastKnownFileType = folder.assetcatalog; path = "Preview Assets.xcassets"; sourceTree = "<group>"; };
		A3D9CCFC2843917D005275AE /* BeyondU-HalogenTests.xctest */ = {isa = PBXFileReference; explicitFileType = wrapper.cfbundle; includeInIndex = 0; path = "BeyondU-HalogenTests.xctest"; sourceTree = BUILT_PRODUCTS_DIR; };
		A3D9CD002843917D005275AE /* BeyondU_HalogenTests.swift */ = {isa = PBXFileReference; lastKnownFileType = sourcecode.swift; path = BeyondU_HalogenTests.swift; sourceTree = "<group>"; };
		A3D9CD062843917D005275AE /* BeyondU-HalogenUITests.xctest */ = {isa = PBXFileReference; explicitFileType = wrapper.cfbundle; includeInIndex = 0; path = "BeyondU-HalogenUITests.xctest"; sourceTree = BUILT_PRODUCTS_DIR; };
		A3D9CD0A2843917D005275AE /* BeyondU_HalogenUITests.swift */ = {isa = PBXFileReference; lastKnownFileType = sourcecode.swift; path = BeyondU_HalogenUITests.swift; sourceTree = "<group>"; };
		A3D9CD0C2843917D005275AE /* BeyondU_HalogenUITestsLaunchTests.swift */ = {isa = PBXFileReference; lastKnownFileType = sourcecode.swift; path = BeyondU_HalogenUITestsLaunchTests.swift; sourceTree = "<group>"; };
		A3D9CD1B2843AD7D005275AE /* MainPage.swift */ = {isa = PBXFileReference; lastKnownFileType = sourcecode.swift; path = MainPage.swift; sourceTree = "<group>"; };
		A3D9CD1D2843AD90005275AE /* WordsListPage.swift */ = {isa = PBXFileReference; lastKnownFileType = sourcecode.swift; path = WordsListPage.swift; sourceTree = "<group>"; };
/* End PBXFileReference section */

/* Begin PBXFrameworksBuildPhase section */
		A3D9CCE92843917C005275AE /* Frameworks */ = {
			isa = PBXFrameworksBuildPhase;
			buildActionMask = 2147483647;
			files = (
			);
			runOnlyForDeploymentPostprocessing = 0;
		};
		A3D9CCF92843917D005275AE /* Frameworks */ = {
			isa = PBXFrameworksBuildPhase;
			buildActionMask = 2147483647;
			files = (
			);
			runOnlyForDeploymentPostprocessing = 0;
		};
		A3D9CD032843917D005275AE /* Frameworks */ = {
			isa = PBXFrameworksBuildPhase;
			buildActionMask = 2147483647;
			files = (
			);
			runOnlyForDeploymentPostprocessing = 0;
		};
/* End PBXFrameworksBuildPhase section */

/* Begin PBXGroup section */
		A3D9CCE32843917C005275AE = {
			isa = PBXGroup;
			children = (
				A3D9CCEE2843917C005275AE /* BeyondU-Halogen */,
				A3D9CCFF2843917D005275AE /* BeyondU-HalogenTests */,
				A3D9CD092843917D005275AE /* BeyondU-HalogenUITests */,
				A3D9CCED2843917C005275AE /* Products */,
			);
			sourceTree = "<group>";
		};
		A3D9CCED2843917C005275AE /* Products */ = {
			isa = PBXGroup;
			children = (
				A3D9CCEC2843917C005275AE /* BeyondUI-Halogen.app */,
				A3D9CCFC2843917D005275AE /* BeyondU-HalogenTests.xctest */,
				A3D9CD062843917D005275AE /* BeyondU-HalogenUITests.xctest */,
			);
			name = Products;
			sourceTree = "<group>";
		};
		A3D9CCEE2843917C005275AE /* BeyondU-Halogen */ = {
			isa = PBXGroup;
			children = (
				A3D9CCEF2843917C005275AE /* BeyondU_HalogenApp.swift */,
				A3D9CD1B2843AD7D005275AE /* MainPage.swift */,
				A3D9CD1D2843AD90005275AE /* WordsListPage.swift */,
				A3D9CCF32843917D005275AE /* Assets.xcassets */,
				A3D9CCF52843917D005275AE /* Preview Content */,
			);
			path = "BeyondU-Halogen";
			sourceTree = "<group>";
		};
		A3D9CCF52843917D005275AE /* Preview Content */ = {
			isa = PBXGroup;
			children = (
				A3D9CCF62843917D005275AE /* Preview Assets.xcassets */,
			);
			path = "Preview Content";
			sourceTree = "<group>";
		};
		A3D9CCFF2843917D005275AE /* BeyondU-HalogenTests */ = {
			isa = PBXGroup;
			children = (
				A3D9CD002843917D005275AE /* BeyondU_HalogenTests.swift */,
			);
			path = "BeyondU-HalogenTests";
			sourceTree = "<group>";
		};
		A3D9CD092843917D005275AE /* BeyondU-HalogenUITests */ = {
			isa = PBXGroup;
			children = (
				A3D9CD0A2843917D005275AE /* BeyondU_HalogenUITests.swift */,
				A3D9CD0C2843917D005275AE /* BeyondU_HalogenUITestsLaunchTests.swift */,
			);
			path = "BeyondU-HalogenUITests";
			sourceTree = "<group>";
		};
/* End PBXGroup section */

/* Begin PBXNativeTarget section */
		A3D9CCEB2843917C005275AE /* BeyondU-Halogen */ = {
			isa = PBXNativeTarget;
			buildConfigurationList = A3D9CD102843917D005275AE /* Build configuration list for PBXNativeTarget "BeyondU-Halogen" */;
			buildPhases = (
				A3D9CCE82843917C005275AE /* Sources */,
				A3D9CCE92843917C005275AE /* Frameworks */,
				A3D9CCEA2843917C005275AE /* Resources */,
			);
			buildRules = (
			);
			dependencies = (
			);
			name = "BeyondU-Halogen";
			productName = "BeyondU-Halogen";
			productReference = A3D9CCEC2843917C005275AE /* BeyondUI-Halogen.app */;
			productType = "com.apple.product-type.application";
		};
		A3D9CCFB2843917D005275AE /* BeyondU-HalogenTests */ = {
			isa = PBXNativeTarget;
			buildConfigurationList = A3D9CD132843917D005275AE /* Build configuration list for PBXNativeTarget "BeyondU-HalogenTests" */;
			buildPhases = (
				A3D9CCF82843917D005275AE /* Sources */,
				A3D9CCF92843917D005275AE /* Frameworks */,
				A3D9CCFA2843917D005275AE /* Resources */,
			);
			buildRules = (
			);
			dependencies = (
				A3D9CCFE2843917D005275AE /* PBXTargetDependency */,
			);
			name = "BeyondU-HalogenTests";
			productName = "BeyondU-HalogenTests";
			productReference = A3D9CCFC2843917D005275AE /* BeyondU-HalogenTests.xctest */;
			productType = "com.apple.product-type.bundle.unit-test";
		};
		A3D9CD052843917D005275AE /* BeyondU-HalogenUITests */ = {
			isa = PBXNativeTarget;
			buildConfigurationList = A3D9CD162843917D005275AE /* Build configuration list for PBXNativeTarget "BeyondU-HalogenUITests" */;
			buildPhases = (
				A3D9CD022843917D005275AE /* Sources */,
				A3D9CD032843917D005275AE /* Frameworks */,
				A3D9CD042843917D005275AE /* Resources */,
			);
			buildRules = (
			);
			dependencies = (
				A3D9CD082843917D005275AE /* PBXTargetDependency */,
			);
			name = "BeyondU-HalogenUITests";
			productName = "BeyondU-HalogenUITests";
			productReference = A3D9CD062843917D005275AE /* BeyondU-HalogenUITests.xctest */;
			productType = "com.apple.product-type.bundle.ui-testing";
		};
/* End PBXNativeTarget section */

/* Begin PBXProject section */
		A3D9CCE42843917C005275AE /* Project object */ = {
			isa = PBXProject;
			attributes = {
				BuildIndependentTargetsInParallel = 1;
				LastSwiftUpdateCheck = 1330;
				LastUpgradeCheck = 1330;
				TargetAttributes = {
					A3D9CCEB2843917C005275AE = {
						CreatedOnToolsVersion = 13.3.1;
					};
					A3D9CCFB2843917D005275AE = {
						CreatedOnToolsVersion = 13.3.1;
						TestTargetID = A3D9CCEB2843917C005275AE;
					};
					A3D9CD052843917D005275AE = {
						CreatedOnToolsVersion = 13.3.1;
						TestTargetID = A3D9CCEB2843917C005275AE;
					};
				};
			};
			buildConfigurationList = A3D9CCE72843917C005275AE /* Build configuration list for PBXProject "BeyondU-Halogen" */;
			compatibilityVersion = "Xcode 13.0";
			developmentRegion = en;
			hasScannedForEncodings = 0;
			knownRegions = (
				en,
				Base,
			);
			mainGroup = A3D9CCE32843917C005275AE;
			productRefGroup = A3D9CCED2843917C005275AE /* Products */;
			projectDirPath = "";
			projectRoot = "";
			targets = (
				A3D9CCEB2843917C005275AE /* BeyondU-Halogen */,
				A3D9CCFB2843917D005275AE /* BeyondU-HalogenTests */,
				A3D9CD052843917D005275AE /* BeyondU-HalogenUITests */,
			);
		};
/* End PBXProject section */

/* Begin PBXResourcesBuildPhase section */
		A3D9CCEA2843917C005275AE /* Resources */ = {
			isa = PBXResourcesBuildPhase;
			buildActionMask = 2147483647;
			files = (
				A3D9CCF72843917D005275AE /* Preview Assets.xcassets in Resources */,
				A3D9CCF42843917D005275AE /* Assets.xcassets in Resources */,
			);
			runOnlyForDeploymentPostprocessing = 0;
		};
		A3D9CCFA2843917D005275AE /* Resources */ = {
			isa = PBXResourcesBuildPhase;
			buildActionMask = 2147483647;
			files = (
			);
			runOnlyForDeploymentPostprocessing = 0;
		};
		A3D9CD042843917D005275AE /* Resources */ = {
			isa = PBXResourcesBuildPhase;
			buildActionMask = 2147483647;
			files = (
			);
			runOnlyForDeploymentPostprocessing = 0;
		};
/* End PBXResourcesBuildPhase section */

/* Begin PBXSourcesBuildPhase section */
		A3D9CCE82843917C005275AE /* Sources */ = {
			isa = PBXSourcesBuildPhase;
			buildActionMask = 2147483647;
			files = (
				A3D9CD1E2843AD90005275AE /* WordsListPage.swift in Sources */,
				A3D9CCF02843917C005275AE /* BeyondU_HalogenApp.swift in Sources */,
				A3D9CD1C2843AD7D005275AE /* MainPage.swift in Sources */,
			);
			runOnlyForDeploymentPostprocessing = 0;
		};
		A3D9CCF82843917D005275AE /* Sources */ = {
			isa = PBXSourcesBuildPhase;
			buildActionMask = 2147483647;
			files = (
				A3D9CD012843917D005275AE /* BeyondU_HalogenTests.swift in Sources */,
			);
			runOnlyForDeploymentPostprocessing = 0;
		};
		A3D9CD022843917D005275AE /* Sources */ = {
			isa = PBXSourcesBuildPhase;
			buildActionMask = 2147483647;
			files = (
				A3D9CD0D2843917D005275AE /* BeyondU_HalogenUITestsLaunchTests.swift in Sources */,
				A3D9CD0B2843917D005275AE /* BeyondU_HalogenUITests.swift in Sources */,
			);
			runOnlyForDeploymentPostprocessing = 0;
		};
/* End PBXSourcesBuildPhase section */

/* Begin PBXTargetDependency section */
		A3D9CCFE2843917D005275AE /* PBXTargetDependency */ = {
			isa = PBXTargetDependency;
			target = A3D9CCEB2843917C005275AE /* BeyondU-Halogen */;
			targetProxy = A3D9CCFD2843917D005275AE /* PBXContainerItemProxy */;
		};
		A3D9CD082843917D005275AE /* PBXTargetDependency */ = {
			isa = PBXTargetDependency;
			target = A3D9CCEB2843917C005275AE /* BeyondU-Halogen */;
			targetProxy = A3D9CD072843917D005275AE /* PBXContainerItemProxy */;
		};
/* End PBXTargetDependency section */

/* Begin XCBuildConfiguration section */
		A3D9CD0E2843917D005275AE /* Debug */ = {
			isa = XCBuildConfiguration;
			buildSettings = {
				ALWAYS_SEARCH_USER_PATHS = NO;
				CLANG_ANALYZER_NONNULL = YES;
				CLANG_ANALYZER_NUMBER_OBJECT_CONVERSION = YES_AGGRESSIVE;
				CLANG_CXX_LANGUAGE_STANDARD = "gnu++17";
				CLANG_ENABLE_MODULES = YES;
				CLANG_ENABLE_OBJC_ARC = YES;
				CLANG_ENABLE_OBJC_WEAK = YES;
				CLANG_WARN_BLOCK_CAPTURE_AUTORELEASING = YES;
				CLANG_WARN_BOOL_CONVERSION = YES;
				CLANG_WARN_COMMA = YES;
				CLANG_WARN_CONSTANT_CONVERSION = YES;
				CLANG_WARN_DEPRECATED_OBJC_IMPLEMENTATIONS = YES;
				CLANG_WARN_DIRECT_OBJC_ISA_USAGE = YES_ERROR;
				CLANG_WARN_DOCUMENTATION_COMMENTS = YES;
				CLANG_WARN_EMPTY_BODY = YES;
				CLANG_WARN_ENUM_CONVERSION = YES;
				CLANG_WARN_INFINITE_RECURSION = YES;
				CLANG_WARN_INT_CONVERSION = YES;
				CLANG_WARN_NON_LITERAL_NULL_CONVERSION = YES;
				CLANG_WARN_OBJC_IMPLICIT_RETAIN_SELF = YES;
				CLANG_WARN_OBJC_LITERAL_CONVERSION = YES;
				CLANG_WARN_OBJC_ROOT_CLASS = YES_ERROR;
				CLANG_WARN_QUOTED_INCLUDE_IN_FRAMEWORK_HEADER = YES;
				CLANG_WARN_RANGE_LOOP_ANALYSIS = YES;
				CLANG_WARN_STRICT_PROTOTYPES = YES;
				CLANG_WARN_SUSPICIOUS_MOVE = YES;
				CLANG_WARN_UNGUARDED_AVAILABILITY = YES_AGGRESSIVE;
				CLANG_WARN_UNREACHABLE_CODE = YES;
				CLANG_WARN__DUPLICATE_METHOD_MATCH = YES;
				COPY_PHASE_STRIP = NO;
				DEBUG_INFORMATION_FORMAT = dwarf;
				ENABLE_STRICT_OBJC_MSGSEND = YES;
				ENABLE_TESTABILITY = YES;
				GCC_C_LANGUAGE_STANDARD = gnu11;
				GCC_DYNAMIC_NO_PIC = NO;
				GCC_NO_COMMON_BLOCKS = YES;
				GCC_OPTIMIZATION_LEVEL = 0;
				GCC_PREPROCESSOR_DEFINITIONS = (
					"DEBUG=1",
					"$(inherited)",
				);
				GCC_WARN_64_TO_32_BIT_CONVERSION = YES;
				GCC_WARN_ABOUT_RETURN_TYPE = YES_ERROR;
				GCC_WARN_UNDECLARED_SELECTOR = YES;
				GCC_WARN_UNINITIALIZED_AUTOS = YES_AGGRESSIVE;
				GCC_WARN_UNUSED_FUNCTION = YES;
				GCC_WARN_UNUSED_VARIABLE = YES;
				IPHONEOS_DEPLOYMENT_TARGET = 15.4;
				MTL_ENABLE_DEBUG_INFO = INCLUDE_SOURCE;
				MTL_FAST_MATH = YES;
				ONLY_ACTIVE_ARCH = YES;
				SDKROOT = iphoneos;
				SWIFT_ACTIVE_COMPILATION_CONDITIONS = DEBUG;
				SWIFT_OPTIMIZATION_LEVEL = "-Onone";
			};
			name = Debug;
		};
		A3D9CD0F2843917D005275AE /* Release */ = {
			isa = XCBuildConfiguration;
			buildSettings = {
				ALWAYS_SEARCH_USER_PATHS = NO;
				CLANG_ANALYZER_NONNULL = YES;
				CLANG_ANALYZER_NUMBER_OBJECT_CONVERSION = YES_AGGRESSIVE;
				CLANG_CXX_LANGUAGE_STANDARD = "gnu++17";
				CLANG_ENABLE_MODULES = YES;
				CLANG_ENABLE_OBJC_ARC = YES;
				CLANG_ENABLE_OBJC_WEAK = YES;
				CLANG_WARN_BLOCK_CAPTURE_AUTORELEASING = YES;
				CLANG_WARN_BOOL_CONVERSION = YES;
				CLANG_WARN_COMMA = YES;
				CLANG_WARN_CONSTANT_CONVERSION = YES;
				CLANG_WARN_DEPRECATED_OBJC_IMPLEMENTATIONS = YES;
				CLANG_WARN_DIRECT_OBJC_ISA_USAGE = YES_ERROR;
				CLANG_WARN_DOCUMENTATION_COMMENTS = YES;
				CLANG_WARN_EMPTY_BODY = YES;
				CLANG_WARN_ENUM_CONVERSION = YES;
				CLANG_WARN_INFINITE_RECURSION = YES;
				CLANG_WARN_INT_CONVERSION = YES;
				CLANG_WARN_NON_LITERAL_NULL_CONVERSION = YES;
				CLANG_WARN_OBJC_IMPLICIT_RETAIN_SELF = YES;
				CLANG_WARN_OBJC_LITERAL_CONVERSION = YES;
				CLANG_WARN_OBJC_ROOT_CLASS = YES_ERROR;
				CLANG_WARN_QUOTED_INCLUDE_IN_FRAMEWORK_HEADER = YES;
				CLANG_WARN_RANGE_LOOP_ANALYSIS = YES;
				CLANG_WARN_STRICT_PROTOTYPES = YES;
				CLANG_WARN_SUSPICIOUS_MOVE = YES;
				CLANG_WARN_UNGUARDED_AVAILABILITY = YES_AGGRESSIVE;
				CLANG_WARN_UNREACHABLE_CODE = YES;
				CLANG_WARN__DUPLICATE_METHOD_MATCH = YES;
				COPY_PHASE_STRIP = NO;
				DEBUG_INFORMATION_FORMAT = "dwarf-with-dsym";
				ENABLE_NS_ASSERTIONS = NO;
				ENABLE_STRICT_OBJC_MSGSEND = YES;
				GCC_C_LANGUAGE_STANDARD = gnu11;
				GCC_NO_COMMON_BLOCKS = YES;
				GCC_WARN_64_TO_32_BIT_CONVERSION = YES;
				GCC_WARN_ABOUT_RETURN_TYPE = YES_ERROR;
				GCC_WARN_UNDECLARED_SELECTOR = YES;
				GCC_WARN_UNINITIALIZED_AUTOS = YES_AGGRESSIVE;
				GCC_WARN_UNUSED_FUNCTION = YES;
				GCC_WARN_UNUSED_VARIABLE = YES;
				IPHONEOS_DEPLOYMENT_TARGET = 15.4;
				MTL_ENABLE_DEBUG_INFO = NO;
				MTL_FAST_MATH = YES;
				SDKROOT = iphoneos;
				SWIFT_COMPILATION_MODE = wholemodule;
				SWIFT_OPTIMIZATION_LEVEL = "-O";
				VALIDATE_PRODUCT = YES;
			};
			name = Release;
		};
		A3D9CD112843917D005275AE /* Debug */ = {
			isa = XCBuildConfiguration;
			buildSettings = {
				ASSETCATALOG_COMPILER_APPICON_NAME = AppIcon;
				ASSETCATALOG_COMPILER_GLOBAL_ACCENT_COLOR_NAME = AccentColor;
				CODE_SIGN_STYLE = Automatic;
				CURRENT_PROJECT_VERSION = 1;
				DEVELOPMENT_ASSET_PATHS = "\"BeyondU-Halogen/Preview Content\"";
				DEVELOPMENT_TEAM = HN3RL67C46;
				ENABLE_PREVIEWS = YES;
				GENERATE_INFOPLIST_FILE = YES;
				INFOPLIST_KEY_UIApplicationSceneManifest_Generation = YES;
				INFOPLIST_KEY_UIApplicationSupportsIndirectInputEvents = YES;
				INFOPLIST_KEY_UILaunchScreen_Generation = YES;
				INFOPLIST_KEY_UISupportedInterfaceOrientations_iPad = "UIInterfaceOrientationPortrait UIInterfaceOrientationPortraitUpsideDown UIInterfaceOrientationLandscapeLeft UIInterfaceOrientationLandscapeRight";
				INFOPLIST_KEY_UISupportedInterfaceOrientations_iPhone = "UIInterfaceOrientationPortrait UIInterfaceOrientationLandscapeLeft UIInterfaceOrientationLandscapeRight";
				LD_RUNPATH_SEARCH_PATHS = (
					"$(inherited)",
					"@executable_path/Frameworks",
				);
				MARKETING_VERSION = 1.0;
				PRODUCT_BUNDLE_IDENTIFIER = "com.halogen.BeyondU-Halogen";
				PRODUCT_NAME = "BeyondUI-Halogen";
				SWIFT_EMIT_LOC_STRINGS = YES;
				SWIFT_VERSION = 5.0;
				TARGETED_DEVICE_FAMILY = "1,2";
			};
			name = Debug;
		};
		A3D9CD122843917D005275AE /* Release */ = {
			isa = XCBuildConfiguration;
			buildSettings = {
				ASSETCATALOG_COMPILER_APPICON_NAME = AppIcon;
				ASSETCATALOG_COMPILER_GLOBAL_ACCENT_COLOR_NAME = AccentColor;
				CODE_SIGN_STYLE = Automatic;
				CURRENT_PROJECT_VERSION = 1;
				DEVELOPMENT_ASSET_PATHS = "\"BeyondU-Halogen/Preview Content\"";
				DEVELOPMENT_TEAM = HN3RL67C46;
				ENABLE_PREVIEWS = YES;
				GENERATE_INFOPLIST_FILE = YES;
				INFOPLIST_KEY_UIApplicationSceneManifest_Generation = YES;
				INFOPLIST_KEY_UIApplicationSupportsIndirectInputEvents = YES;
				INFOPLIST_KEY_UILaunchScreen_Generation = YES;
				INFOPLIST_KEY_UISupportedInterfaceOrientations_iPad = "UIInterfaceOrientationPortrait UIInterfaceOrientationPortraitUpsideDown UIInterfaceOrientationLandscapeLeft UIInterfaceOrientationLandscapeRight";
				INFOPLIST_KEY_UISupportedInterfaceOrientations_iPhone = "UIInterfaceOrientationPortrait UIInterfaceOrientationLandscapeLeft UIInterfaceOrientationLandscapeRight";
				LD_RUNPATH_SEARCH_PATHS = (
					"$(inherited)",
					"@executable_path/Frameworks",
				);
				MARKETING_VERSION = 1.0;
				PRODUCT_BUNDLE_IDENTIFIER = "com.halogen.BeyondU-Halogen";
				PRODUCT_NAME = "BeyondUI-Halogen";
				SWIFT_EMIT_LOC_STRINGS = YES;
				SWIFT_VERSION = 5.0;
				TARGETED_DEVICE_FAMILY = "1,2";
			};
			name = Release;
		};
		A3D9CD142843917D005275AE /* Debug */ = {
			isa = XCBuildConfiguration;
			buildSettings = {
				ALWAYS_EMBED_SWIFT_STANDARD_LIBRARIES = YES;
				BUNDLE_LOADER = "$(TEST_HOST)";
				CODE_SIGN_STYLE = Automatic;
				CURRENT_PROJECT_VERSION = 1;
				GENERATE_INFOPLIST_FILE = YES;
				IPHONEOS_DEPLOYMENT_TARGET = 15.4;
				MARKETING_VERSION = 1.0;
				PRODUCT_BUNDLE_IDENTIFIER = "com.halogen.BeyondU-HalogenTests";
				PRODUCT_NAME = "$(TARGET_NAME)";
				SWIFT_EMIT_LOC_STRINGS = NO;
				SWIFT_VERSION = 5.0;
				TARGETED_DEVICE_FAMILY = "1,2";
				TEST_HOST = "$(BUILT_PRODUCTS_DIR)/BeyondU-Halogen.app/BeyondU-Halogen";
			};
			name = Debug;
		};
		A3D9CD152843917D005275AE /* Release */ = {
			isa = XCBuildConfiguration;
			buildSettings = {
				ALWAYS_EMBED_SWIFT_STANDARD_LIBRARIES = YES;
				BUNDLE_LOADER = "$(TEST_HOST)";
				CODE_SIGN_STYLE = Automatic;
				CURRENT_PROJECT_VERSION = 1;
				GENERATE_INFOPLIST_FILE = YES;
				IPHONEOS_DEPLOYMENT_TARGET = 15.4;
				MARKETING_VERSION = 1.0;
				PRODUCT_BUNDLE_IDENTIFIER = "com.halogen.BeyondU-HalogenTests";
				PRODUCT_NAME = "$(TARGET_NAME)";
				SWIFT_EMIT_LOC_STRINGS = NO;
				SWIFT_VERSION = 5.0;
				TARGETED_DEVICE_FAMILY = "1,2";
				TEST_HOST = "$(BUILT_PRODUCTS_DIR)/BeyondU-Halogen.app/BeyondU-Halogen";
			};
			name = Release;
		};
		A3D9CD172843917D005275AE /* Debug */ = {
			isa = XCBuildConfiguration;
			buildSettings = {
				ALWAYS_EMBED_SWIFT_STANDARD_LIBRARIES = YES;
				CODE_SIGN_STYLE = Automatic;
				CURRENT_PROJECT_VERSION = 1;
				GENERATE_INFOPLIST_FILE = YES;
				MARKETING_VERSION = 1.0;
				PRODUCT_BUNDLE_IDENTIFIER = "com.halogen.BeyondU-HalogenUITests";
				PRODUCT_NAME = "$(TARGET_NAME)";
				SWIFT_EMIT_LOC_STRINGS = NO;
				SWIFT_VERSION = 5.0;
				TARGETED_DEVICE_FAMILY = "1,2";
				TEST_TARGET_NAME = "BeyondU-Halogen";
			};
			name = Debug;
		};
		A3D9CD182843917D005275AE /* Release */ = {
			isa = XCBuildConfiguration;
			buildSettings = {
				ALWAYS_EMBED_SWIFT_STANDARD_LIBRARIES = YES;
				CODE_SIGN_STYLE = Automatic;
				CURRENT_PROJECT_VERSION = 1;
				GENERATE_INFOPLIST_FILE = YES;
				MARKETING_VERSION = 1.0;
				PRODUCT_BUNDLE_IDENTIFIER = "com.halogen.BeyondU-HalogenUITests";
				PRODUCT_NAME = "$(TARGET_NAME)";
				SWIFT_EMIT_LOC_STRINGS = NO;
				SWIFT_VERSION = 5.0;
				TARGETED_DEVICE_FAMILY = "1,2";
				TEST_TARGET_NAME = "BeyondU-Halogen";
			};
			name = Release;
		};
/* End XCBuildConfiguration section */

/* Begin XCConfigurationList section */
		A3D9CCE72843917C005275AE /* Build configuration list for PBXProject "BeyondU-Halogen" */ = {
			isa = XCConfigurationList;
			buildConfigurations = (
				A3D9CD0E2843917D005275AE /* Debug */,
				A3D9CD0F2843917D005275AE /* Release */,
			);
			defaultConfigurationIsVisible = 0;
			defaultConfigurationName = Release;
		};
		A3D9CD102843917D005275AE /* Build configuration list for PBXNativeTarget "BeyondU-Halogen" */ = {
			isa = XCConfigurationList;
			buildConfigurations = (
				A3D9CD112843917D005275AE /* Debug */,
				A3D9CD122843917D005275AE /* Release */,
			);
			defaultConfigurationIsVisible = 0;
			defaultConfigurationName = Release;
		};
		A3D9CD132843917D005275AE /* Build configuration list for PBXNativeTarget "BeyondU-HalogenTests" */ = {
			isa = XCConfigurationList;
			buildConfigurations = (
				A3D9CD142843917D005275AE /* Debug */,
				A3D9CD152843917D005275AE /* Release */,
			);
			defaultConfigurationIsVisible = 0;
			defaultConfigurationName = Release;
		};
		A3D9CD162843917D005275AE /* Build configuration list for PBXNativeTarget "BeyondU-HalogenUITests" */ = {
			isa = XCConfigurationList;
			buildConfigurations = (
				A3D9CD172843917D005275AE /* Debug */,
				A3D9CD182843917D005275AE /* Release */,
			);
			defaultConfigurationIsVisible = 0;
			defaultConfigurationName = Release;
		};
/* End XCConfigurationList section */
	};
	rootObject = A3D9CCE42843917C005275AE /* Project object */;
}
